
Microsoft Visual Studio Solution File, Format Version 12.00
# Visual Studio 2012
Project("{FAE04EC0-301F-11D3-BF4B-00C04F79EFBC}") = "HostDemo", "HostDemo\HostDemo.csproj", "{4E33F720-E69B-45FC-B2E7-76B90BF3B795}"
	ProjectSection(ProjectDependencies) = postProject
		{AFB4FC01-CC7B-4D38-8AC7-16A82471892D} = {AFB4FC01-CC7B-4D38-8AC7-16A82471892D}
		{78730F47-F721-41FC-973F-145B25584137} = {78730F47-F721-41FC-973F-145B25584137}
		{4E5B4BA3-7A49-4A2A-937A-183D402A6253} = {4E5B4BA3-7A49-4A2A-937A-183D402A6253}
		{930F77A8-4EBD-4709-A282-8778021B4206} = {930F77A8-4EBD-4709-A282-8778021B4206}
		{18D19FDB-774C-499A-9E95-317CB786E588} = {18D19FDB-774C-499A-9E95-317CB786E588}
		{98E5D0EF-7416-4F28-B9FE-E3049F0A36F0} = {98E5D0EF-7416-4F28-B9FE-E3049F0A36F0}
		{43BD0FF6-9E22-4EBB-9505-60C35F066AE0} = {43BD0FF6-9E22-4EBB-9505-60C35F066AE0}
		{23F8A4FC-FCF8-4D0D-9254-D91F3899B5AC} = {23F8A4FC-FCF8-4D0D-9254-D91F3899B5AC}
	EndProjectSection
EndProject
Project("{FAE04EC0-301F-11D3-BF4B-00C04F79EFBC}") = "SMAdmin", "SMAdmin\SMAdmin.csproj", "{4E5B4BA3-7A49-4A2A-937A-183D402A6253}"
EndProject
Project("{FAE04EC0-301F-11D3-BF4B-00C04F79EFBC}") = "SMConnection", "SMConnection\SMConnection.csproj", "{43BD0FF6-9E22-4EBB-9505-60C35F066AE0}"
EndProject
Project("{FAE04EC0-301F-11D3-BF4B-00C04F79EFBC}") = "SMConnectionTCP", "SMConnectionTCP\SMConnectionTCP.csproj", "{18D19FDB-774C-499A-9E95-317CB786E588}"
	ProjectSection(ProjectDependencies) = postProject
		{43BD0FF6-9E22-4EBB-9505-60C35F066AE0} = {43BD0FF6-9E22-4EBB-9505-60C35F066AE0}
	EndProjectSection
EndProject
Project("{FAE04EC0-301F-11D3-BF4B-00C04F79EFBC}") = "SMConnectionPLCS7", "SMConnectionPLCS7\SMConnectionPLCS7.csproj", "{98E5D0EF-7416-4F28-B9FE-E3049F0A36F0}"
	ProjectSection(ProjectDependencies) = postProject
		{43BD0FF6-9E22-4EBB-9505-60C35F066AE0} = {43BD0FF6-9E22-4EBB-9505-60C35F066AE0}
	EndProjectSection
EndProject
Project("{FAE04EC0-301F-11D3-BF4B-00C04F79EFBC}") = "SMConnectionPLCMC", "SMConnectionPLCMc\SMConnectionPLCMC.csproj", "{78730F47-F721-41FC-973F-145B25584137}"
	ProjectSection(ProjectDependencies) = postProject
		{43BD0FF6-9E22-4EBB-9505-60C35F066AE0} = {43BD0FF6-9E22-4EBB-9505-60C35F066AE0}
	EndProjectSection
EndProject
Project("{FAE04EC0-301F-11D3-BF4B-00C04F79EFBC}") = "SMConnectionMSSQL", "SMConnectionMSSQL\SMConnectionMSSQL.csproj", "{930F77A8-4EBD-4709-A282-8778021B4206}"
	ProjectSection(ProjectDependencies) = postProject
		{43BD0FF6-9E22-4EBB-9505-60C35F066AE0} = {43BD0FF6-9E22-4EBB-9505-60C35F066AE0}
	EndProjectSection
EndProject
Project("{FAE04EC0-301F-11D3-BF4B-00C04F79EFBC}") = "SMConnectionORACLE", "SMConnectionORACLE\SMConnectionORACLE.csproj", "{23F8A4FC-FCF8-4D0D-9254-D91F3899B5AC}"
	ProjectSection(ProjectDependencies) = postProject
		{43BD0FF6-9E22-4EBB-9505-60C35F066AE0} = {43BD0FF6-9E22-4EBB-9505-60C35F066AE0}
	EndProjectSection
EndProject
Project("{FAE04EC0-301F-11D3-BF4B-00C04F79EFBC}") = "SMAlarm", "SMAlarm\SMAlarm.csproj", "{AFB4FC01-CC7B-4D38-8AC7-16A82471892D}"
EndProject
Global
	GlobalSection(SolutionConfigurationPlatforms) = preSolution
		Debug|Any CPU = Debug|Any CPU
		Debug|x86 = Debug|x86
		Release|Any CPU = Release|Any CPU
		Release|x86 = Release|x86
	EndGlobalSection
	GlobalSection(ProjectConfigurationPlatforms) = postSolution
		{4E33F720-E69B-45FC-B2E7-76B90BF3B795}.Debug|Any CPU.ActiveCfg = Debug|Any CPU
		{4E33F720-E69B-45FC-B2E7-76B90BF3B795}.Debug|Any CPU.Build.0 = Debug|Any CPU
		{4E33F720-E69B-45FC-B2E7-76B90BF3B795}.Debug|x86.ActiveCfg = Debug|Any CPU
		{4E33F720-E69B-45FC-B2E7-76B90BF3B795}.Release|Any CPU.ActiveCfg = Release|Any CPU
		{4E33F720-E69B-45FC-B2E7-76B90BF3B795}.Release|Any CPU.Build.0 = Release|Any CPU
		{4E33F720-E69B-45FC-B2E7-76B90BF3B795}.Release|x86.ActiveCfg = Release|Any CPU
		{4E5B4BA3-7A49-4A2A-937A-183D402A6253}.Debug|Any CPU.ActiveCfg = Debug|Any CPU
		{4E5B4BA3-7A49-4A2A-937A-183D402A6253}.Debug|Any CPU.Build.0 = Debug|Any CPU
		{4E5B4BA3-7A49-4A2A-937A-183D402A6253}.Debug|x86.ActiveCfg = Debug|x86
		{4E5B4BA3-7A49-4A2A-937A-183D402A6253}.Debug|x86.Build.0 = Debug|x86
		{4E5B4BA3-7A49-4A2A-937A-183D402A6253}.Release|Any CPU.ActiveCfg = Release|Any CPU
		{4E5B4BA3-7A49-4A2A-937A-183D402A6253}.Release|Any CPU.Build.0 = Release|Any CPU
		{4E5B4BA3-7A49-4A2A-937A-183D402A6253}.Release|x86.ActiveCfg = Release|x86
		{4E5B4BA3-7A49-4A2A-937A-183D402A6253}.Release|x86.Build.0 = Release|x86
		{43BD0FF6-9E22-4EBB-9505-60C35F066AE0}.Debug|Any CPU.ActiveCfg = Debug|Any CPU
		{43BD0FF6-9E22-4EBB-9505-60C35F066AE0}.Debug|Any CPU.Build.0 = Debug|Any CPU
		{43BD0FF6-9E22-4EBB-9505-60C35F066AE0}.Debug|x86.ActiveCfg = Debug|x86
		{43BD0FF6-9E22-4EBB-9505-60C35F066AE0}.Debug|x86.Build.0 = Debug|x86
		{43BD0FF6-9E22-4EBB-9505-60C35F066AE0}.Release|Any CPU.ActiveCfg = Release|Any CPU
		{43BD0FF6-9E22-4EBB-9505-60C35F066AE0}.Release|Any CPU.Build.0 = Release|Any CPU
		{43BD0FF6-9E22-4EBB-9505-60C35F066AE0}.Release|x86.ActiveCfg = Release|x86
		{43BD0FF6-9E22-4EBB-9505-60C35F066AE0}.Release|x86.Build.0 = Release|x86
		{18D19FDB-774C-499A-9E95-317CB786E588}.Debug|Any CPU.ActiveCfg = Debug|Any CPU
		{18D19FDB-774C-499A-9E95-317CB786E588}.Debug|Any CPU.Build.0 = Debug|Any CPU
		{18D19FDB-774C-499A-9E95-317CB786E588}.Debug|x86.ActiveCfg = Debug|x86
		{18D19FDB-774C-499A-9E95-317CB786E588}.Debug|x86.Build.0 = Debug|x86
		{18D19FDB-774C-499A-9E95-317CB786E588}.Release|Any CPU.ActiveCfg = Release|Any CPU
		{18D19FDB-774C-499A-9E95-317CB786E588}.Release|Any CPU.Build.0 = Release|Any CPU
		{18D19FDB-774C-499A-9E95-317CB786E588}.Release|x86.ActiveCfg = Release|x86
		{18D19FDB-774C-499A-9E95-317CB786E588}.Release|x86.Build.0 = Release|x86
		{98E5D0EF-7416-4F28-B9FE-E3049F0A36F0}.Debug|Any CPU.ActiveCfg = Debug|Any CPU
		{98E5D0EF-7416-4F28-B9FE-E3049F0A36F0}.Debug|Any CPU.Build.0 = Debug|Any CPU
		{98E5D0EF-7416-4F28-B9FE-E3049F0A36F0}.Debug|x86.ActiveCfg = Debug|x86
		{98E5D0EF-7416-4F28-B9FE-E3049F0A36F0}.Debug|x86.Build.0 = Debug|x86
		{98E5D0EF-7416-4F28-B9FE-E3049F0A36F0}.Release|Any CPU.ActiveCfg = Release|Any CPU
		{98E5D0EF-7416-4F28-B9FE-E3049F0A36F0}.Release|Any CPU.Build.0 = Release|Any CPU
		{98E5D0EF-7416-4F28-B9FE-E3049F0A36F0}.Release|x86.ActiveCfg = Release|x86
		{98E5D0EF-7416-4F28-B9FE-E3049F0A36F0}.Release|x86.Build.0 = Release|x86
		{78730F47-F721-41FC-973F-145B25584137}.Debug|Any CPU.ActiveCfg = Debug|Any CPU
		{78730F47-F721-41FC-973F-145B25584137}.Debug|Any CPU.Build.0 = Debug|Any CPU
		{78730F47-F721-41FC-973F-145B25584137}.Debug|x86.ActiveCfg = Debug|x86
		{78730F47-F721-41FC-973F-145B25584137}.Debug|x86.Build.0 = Debug|x86
		{78730F47-F721-41FC-973F-145B25584137}.Release|Any CPU.ActiveCfg = Release|Any CPU
		{78730F47-F721-41FC-973F-145B25584137}.Release|Any CPU.Build.0 = Release|Any CPU
		{78730F47-F721-41FC-973F-145B25584137}.Release|x86.ActiveCfg = Release|x86
		{78730F47-F721-41FC-973F-145B25584137}.Release|x86.Build.0 = Release|x86
		{930F77A8-4EBD-4709-A282-8778021B4206}.Debug|Any CPU.ActiveCfg = Debug|Any CPU
		{930F77A8-4EBD-4709-A282-8778021B4206}.Debug|Any CPU.Build.0 = Debug|Any CPU
		{930F77A8-4EBD-4709-A282-8778021B4206}.Debug|x86.ActiveCfg = Debug|x86
		{930F77A8-4EBD-4709-A282-8778021B4206}.Debug|x86.Build.0 = Debug|x86
		{930F77A8-4EBD-4709-A282-8778021B4206}.Release|Any CPU.ActiveCfg = Release|Any CPU
		{930F77A8-4EBD-4709-A282-8778021B4206}.Release|Any CPU.Build.0 = Release|Any CPU
		{930F77A8-4EBD-4709-A282-8778021B4206}.Release|x86.ActiveCfg = Release|x86
		{930F77A8-4EBD-4709-A282-8778021B4206}.Release|x86.Build.0 = Release|x86
		{23F8A4FC-FCF8-4D0D-9254-D91F3899B5AC}.Debug|Any CPU.ActiveCfg = Debug|Any CPU
		{23F8A4FC-FCF8-4D0D-9254-D91F3899B5AC}.Debug|Any CPU.Build.0 = Debug|Any CPU
		{23F8A4FC-FCF8-4D0D-9254-D91F3899B5AC}.Debug|x86.ActiveCfg = Debug|x86
		{23F8A4FC-FCF8-4D0D-9254-D91F3899B5AC}.Debug|x86.Build.0 = Debug|x86
		{23F8A4FC-FCF8-4D0D-9254-D91F3899B5AC}.Release|Any CPU.ActiveCfg = Release|Any CPU
		{23F8A4FC-FCF8-4D0D-9254-D91F3899B5AC}.Release|Any CPU.Build.0 = Release|Any CPU
		{23F8A4FC-FCF8-4D0D-9254-D91F3899B5AC}.Release|x86.ActiveCfg = Release|x86
		{23F8A4FC-FCF8-4D0D-9254-D91F3899B5AC}.Release|x86.Build.0 = Release|x86
		{AFB4FC01-CC7B-4D38-8AC7-16A82471892D}.Debug|Any CPU.ActiveCfg = Debug|Any CPU
		{AFB4FC01-CC7B-4D38-8AC7-16A82471892D}.Debug|Any CPU.Build.0 = Debug|Any CPU
		{AFB4FC01-CC7B-4D38-8AC7-16A82471892D}.Debug|x86.ActiveCfg = Debug|x86
		{AFB4FC01-CC7B-4D38-8AC7-16A82471892D}.Debug|x86.Build.0 = Debug|x86
		{AFB4FC01-CC7B-4D38-8AC7-16A82471892D}.Release|Any CPU.ActiveCfg = Release|Any CPU
		{AFB4FC01-CC7B-4D38-8AC7-16A82471892D}.Release|Any CPU.Build.0 = Release|Any CPU
		{AFB4FC01-CC7B-4D38-8AC7-16A82471892D}.Release|x86.ActiveCfg = Release|x86
		{AFB4FC01-CC7B-4D38-8AC7-16A82471892D}.Release|x86.Build.0 = Release|x86
	EndGlobalSection
	GlobalSection(SolutionProperties) = preSolution
		HideSolutionNode = FALSE
	EndGlobalSection
EndGlobal
