
Microsoft Visual Studio Solution File, Format Version 12.00
# Visual Studio 2012
Project("{FAE04EC0-301F-11D3-BF4B-00C04F79EFBC}") = "HostDemo", "HostDemo\HostDemo.csproj", "{4E33F720-E69B-45FC-B2E7-76B90BF3B795}"
	ProjectSection(ProjectDependencies) = postProject
		{AFB4FC01-CC7B-4D38-8AC7-16A82471892D} = {AFB4FC01-CC7B-4D38-8AC7-16A82471892D}
		{8D09DD56-1A4A-4247-BC25-10CFF34FD207} = {8D09DD56-1A4A-4247-BC25-10CFF34FD207}
		{2759729D-718F-4B90-A8AD-1FF734D5236C} = {2759729D-718F-4B90-A8AD-1FF734D5236C}
		{4E5B4BA3-7A49-4A2A-937A-183D402A6253} = {4E5B4BA3-7A49-4A2A-937A-183D402A6253}
		{930F77A8-4EBD-4709-A282-8778021B4206} = {930F77A8-4EBD-4709-A282-8778021B4206}
		{18D19FDB-774C-499A-9E95-317CB786E588} = {18D19FDB-774C-499A-9E95-317CB786E588}
		{43BD0FF6-9E22-4EBB-9505-60C35F066AE0} = {43BD0FF6-9E22-4EBB-9505-60C35F066AE0}
		{23F8A4FC-FCF8-4D0D-9254-D91F3899B5AC} = {23F8A4FC-FCF8-4D0D-9254-D91F3899B5AC}
	EndProjectSection
EndProject
Project("{FAE04EC0-301F-11D3-BF4B-00C04F79EFBC}") = "SMAdmin", "SMAdmin\SMAdmin.csproj", "{4E5B4BA3-7A49-4A2A-937A-183D402A6253}"
	ProjectSection(ProjectDependencies) = postProject
		{2759729D-718F-4B90-A8AD-1FF734D5236C} = {2759729D-718F-4B90-A8AD-1FF734D5236C}
	EndProjectSection
EndProject
Project("{FAE04EC0-301F-11D3-BF4B-00C04F79EFBC}") = "SMCore", "SMCore\SMCore.csproj", "{2759729D-718F-4B90-A8AD-1FF734D5236C}"
EndProject
Project("{FAE04EC0-301F-11D3-BF4B-00C04F79EFBC}") = "SMConnection", "SMConnection\SMConnection.csproj", "{43BD0FF6-9E22-4EBB-9505-60C35F066AE0}"
	ProjectSection(ProjectDependencies) = postProject
		{2759729D-718F-4B90-A8AD-1FF734D5236C} = {2759729D-718F-4B90-A8AD-1FF734D5236C}
	EndProjectSection
EndProject
Project("{FAE04EC0-301F-11D3-BF4B-00C04F79EFBC}") = "SMConnectionMSSQL", "SMConnectionMSSQL\SMConnectionMSSQL.csproj", "{930F77A8-4EBD-4709-A282-8778021B4206}"
	ProjectSection(ProjectDependencies) = postProject
		{43BD0FF6-9E22-4EBB-9505-60C35F066AE0} = {43BD0FF6-9E22-4EBB-9505-60C35F066AE0}
	EndProjectSection
EndProject
Project("{FAE04EC0-301F-11D3-BF4B-00C04F79EFBC}") = "SMConnectionORACLE", "SMConnectionORACLE\SMConnectionORACLE.csproj", "{23F8A4FC-FCF8-4D0D-9254-D91F3899B5AC}"
	ProjectSection(ProjectDependencies) = postProject
		{43BD0FF6-9E22-4EBB-9505-60C35F066AE0} = {43BD0FF6-9E22-4EBB-9505-60C35F066AE0}
	EndProjectSection
EndProject
Project("{FAE04EC0-301F-11D3-BF4B-00C04F79EFBC}") = "SMAlarm", "SMAlarm\SMAlarm.csproj", "{AFB4FC01-CC7B-4D38-8AC7-16A82471892D}"
	ProjectSection(ProjectDependencies) = postProject
		{2759729D-718F-4B90-A8AD-1FF734D5236C} = {2759729D-718F-4B90-A8AD-1FF734D5236C}
	EndProjectSection
EndProject
Project("{FAE04EC0-301F-11D3-BF4B-00C04F79EFBC}") = "SMConnectionHsl", "SMConnectionHsl\SMConnectionHsl.csproj", "{52203773-EEF6-4BA3-8FB9-E9E148843938}"
	ProjectSection(ProjectDependencies) = postProject
		{2759729D-718F-4B90-A8AD-1FF734D5236C} = {2759729D-718F-4B90-A8AD-1FF734D5236C}
		{43BD0FF6-9E22-4EBB-9505-60C35F066AE0} = {43BD0FF6-9E22-4EBB-9505-60C35F066AE0}
	EndProjectSection
EndProject
Project("{FAE04EC0-301F-11D3-BF4B-00C04F79EFBC}") = "SMtest", "SMTest\SMtest.csproj", "{8D09DD56-1A4A-4247-BC25-10CFF34FD207}"
	ProjectSection(ProjectDependencies) = postProject
		{92210596-A433-44A5-968A-ADB3E3DC193A} = {92210596-A433-44A5-968A-ADB3E3DC193A}
		{2759729D-718F-4B90-A8AD-1FF734D5236C} = {2759729D-718F-4B90-A8AD-1FF734D5236C}
		{43BD0FF6-9E22-4EBB-9505-60C35F066AE0} = {43BD0FF6-9E22-4EBB-9505-60C35F066AE0}
	EndProjectSection
EndProject
Project("{FAE04EC0-301F-11D3-BF4B-00C04F79EFBC}") = "SMHTTPApi", "SMHttpApi\SMHTTPApi.csproj", "{92210596-A433-44A5-968A-ADB3E3DC193A}"
	ProjectSection(ProjectDependencies) = postProject
		{2759729D-718F-4B90-A8AD-1FF734D5236C} = {2759729D-718F-4B90-A8AD-1FF734D5236C}
	EndProjectSection
EndProject
Project("{FAE04EC0-301F-11D3-BF4B-00C04F79EFBC}") = "SMNTPTime", "SMNTPTime\SMNTPTime.csproj", "{59AEFB65-D185-4692-B1EC-BCF3E3BD55D4}"
	ProjectSection(ProjectDependencies) = postProject
		{2759729D-718F-4B90-A8AD-1FF734D5236C} = {2759729D-718F-4B90-A8AD-1FF734D5236C}
	EndProjectSection
EndProject
Project("{FAE04EC0-301F-11D3-BF4B-00C04F79EFBC}") = "SMOPCClient", "SMOPCClient\SMOPCClient.csproj", "{DBA0EB36-554D-4A40-958E-9EAA0DD0673F}"
	ProjectSection(ProjectDependencies) = postProject
		{2759729D-718F-4B90-A8AD-1FF734D5236C} = {2759729D-718F-4B90-A8AD-1FF734D5236C}
	EndProjectSection
EndProject
Project("{FAE04EC0-301F-11D3-BF4B-00C04F79EFBC}") = "SMOPCServerDevice", "SMOPCServerDevice\SMOPCServerDevice.csproj", "{C64D0227-67E3-43B1-996C-020B9F735B87}"
	ProjectSection(ProjectDependencies) = postProject
		{2759729D-718F-4B90-A8AD-1FF734D5236C} = {2759729D-718F-4B90-A8AD-1FF734D5236C}
	EndProjectSection
EndProject
Project("{FAE04EC0-301F-11D3-BF4B-00C04F79EFBC}") = "SMMQTT", "SMMQTT\SMMQTT.csproj", "{920A6069-C5FF-4469-9E66-467362A04F55}"
	ProjectSection(ProjectDependencies) = postProject
		{2759729D-718F-4B90-A8AD-1FF734D5236C} = {2759729D-718F-4B90-A8AD-1FF734D5236C}
	EndProjectSection
EndProject
Project("{FAE04EC0-301F-11D3-BF4B-00C04F79EFBC}") = "SMConnectionSocket", "SMConnectionSocket\SMConnectionSocket.csproj", "{18D19FDB-774C-499A-9E95-317CB786E588}"
	ProjectSection(ProjectDependencies) = postProject
		{2759729D-718F-4B90-A8AD-1FF734D5236C} = {2759729D-718F-4B90-A8AD-1FF734D5236C}
		{43BD0FF6-9E22-4EBB-9505-60C35F066AE0} = {43BD0FF6-9E22-4EBB-9505-60C35F066AE0}
	EndProjectSection
EndProject
Global
	GlobalSection(SolutionConfigurationPlatforms) = preSolution
		Debug|Any CPU = Debug|Any CPU
		Debug|x86 = Debug|x86
		Release|Any CPU = Release|Any CPU
		Release|x86 = Release|x86
	EndGlobalSection
	GlobalSection(ProjectConfigurationPlatforms) = postSolution
		{4E33F720-E69B-45FC-B2E7-76B90BF3B795}.Debug|Any CPU.ActiveCfg = Debug|Any CPU
		{4E33F720-E69B-45FC-B2E7-76B90BF3B795}.Debug|Any CPU.Build.0 = Debug|Any CPU
		{4E33F720-E69B-45FC-B2E7-76B90BF3B795}.Debug|x86.ActiveCfg = Debug|Any CPU
		{4E33F720-E69B-45FC-B2E7-76B90BF3B795}.Debug|x86.Build.0 = Debug|Any CPU
		{4E33F720-E69B-45FC-B2E7-76B90BF3B795}.Release|Any CPU.ActiveCfg = Release|Any CPU
		{4E33F720-E69B-45FC-B2E7-76B90BF3B795}.Release|Any CPU.Build.0 = Release|Any CPU
		{4E33F720-E69B-45FC-B2E7-76B90BF3B795}.Release|x86.ActiveCfg = Release|Any CPU
		{4E33F720-E69B-45FC-B2E7-76B90BF3B795}.Release|x86.Build.0 = Release|Any CPU
		{4E5B4BA3-7A49-4A2A-937A-183D402A6253}.Debug|Any CPU.ActiveCfg = Debug|Any CPU
		{4E5B4BA3-7A49-4A2A-937A-183D402A6253}.Debug|Any CPU.Build.0 = Debug|Any CPU
		{4E5B4BA3-7A49-4A2A-937A-183D402A6253}.Debug|x86.ActiveCfg = Debug|Any CPU
		{4E5B4BA3-7A49-4A2A-937A-183D402A6253}.Debug|x86.Build.0 = Debug|Any CPU
		{4E5B4BA3-7A49-4A2A-937A-183D402A6253}.Release|Any CPU.ActiveCfg = Release|Any CPU
		{4E5B4BA3-7A49-4A2A-937A-183D402A6253}.Release|Any CPU.Build.0 = Release|Any CPU
		{4E5B4BA3-7A49-4A2A-937A-183D402A6253}.Release|x86.ActiveCfg = Release|Any CPU
		{4E5B4BA3-7A49-4A2A-937A-183D402A6253}.Release|x86.Build.0 = Release|Any CPU
		{2759729D-718F-4B90-A8AD-1FF734D5236C}.Debug|Any CPU.ActiveCfg = Debug|Any CPU
		{2759729D-718F-4B90-A8AD-1FF734D5236C}.Debug|Any CPU.Build.0 = Debug|Any CPU
		{2759729D-718F-4B90-A8AD-1FF734D5236C}.Debug|x86.ActiveCfg = Debug|Any CPU
		{2759729D-718F-4B90-A8AD-1FF734D5236C}.Debug|x86.Build.0 = Debug|Any CPU
		{2759729D-718F-4B90-A8AD-1FF734D5236C}.Release|Any CPU.ActiveCfg = Release|Any CPU
		{2759729D-718F-4B90-A8AD-1FF734D5236C}.Release|Any CPU.Build.0 = Release|Any CPU
		{2759729D-718F-4B90-A8AD-1FF734D5236C}.Release|x86.ActiveCfg = Release|Any CPU
		{2759729D-718F-4B90-A8AD-1FF734D5236C}.Release|x86.Build.0 = Release|Any CPU
		{43BD0FF6-9E22-4EBB-9505-60C35F066AE0}.Debug|Any CPU.ActiveCfg = Debug|Any CPU
		{43BD0FF6-9E22-4EBB-9505-60C35F066AE0}.Debug|Any CPU.Build.0 = Debug|Any CPU
		{43BD0FF6-9E22-4EBB-9505-60C35F066AE0}.Debug|x86.ActiveCfg = Debug|Any CPU
		{43BD0FF6-9E22-4EBB-9505-60C35F066AE0}.Debug|x86.Build.0 = Debug|Any CPU
		{43BD0FF6-9E22-4EBB-9505-60C35F066AE0}.Release|Any CPU.ActiveCfg = Release|Any CPU
		{43BD0FF6-9E22-4EBB-9505-60C35F066AE0}.Release|Any CPU.Build.0 = Release|Any CPU
		{43BD0FF6-9E22-4EBB-9505-60C35F066AE0}.Release|x86.ActiveCfg = Release|Any CPU
		{43BD0FF6-9E22-4EBB-9505-60C35F066AE0}.Release|x86.Build.0 = Release|Any CPU
		{930F77A8-4EBD-4709-A282-8778021B4206}.Debug|Any CPU.ActiveCfg = Debug|Any CPU
		{930F77A8-4EBD-4709-A282-8778021B4206}.Debug|Any CPU.Build.0 = Debug|Any CPU
		{930F77A8-4EBD-4709-A282-8778021B4206}.Debug|x86.ActiveCfg = Debug|Any CPU
		{930F77A8-4EBD-4709-A282-8778021B4206}.Debug|x86.Build.0 = Debug|Any CPU
		{930F77A8-4EBD-4709-A282-8778021B4206}.Release|Any CPU.ActiveCfg = Release|Any CPU
		{930F77A8-4EBD-4709-A282-8778021B4206}.Release|Any CPU.Build.0 = Release|Any CPU
		{930F77A8-4EBD-4709-A282-8778021B4206}.Release|x86.ActiveCfg = Release|Any CPU
		{930F77A8-4EBD-4709-A282-8778021B4206}.Release|x86.Build.0 = Release|Any CPU
		{23F8A4FC-FCF8-4D0D-9254-D91F3899B5AC}.Debug|Any CPU.ActiveCfg = Debug|Any CPU
		{23F8A4FC-FCF8-4D0D-9254-D91F3899B5AC}.Debug|Any CPU.Build.0 = Debug|Any CPU
		{23F8A4FC-FCF8-4D0D-9254-D91F3899B5AC}.Debug|x86.ActiveCfg = Debug|Any CPU
		{23F8A4FC-FCF8-4D0D-9254-D91F3899B5AC}.Debug|x86.Build.0 = Debug|Any CPU
		{23F8A4FC-FCF8-4D0D-9254-D91F3899B5AC}.Release|Any CPU.ActiveCfg = Release|Any CPU
		{23F8A4FC-FCF8-4D0D-9254-D91F3899B5AC}.Release|Any CPU.Build.0 = Release|Any CPU
		{23F8A4FC-FCF8-4D0D-9254-D91F3899B5AC}.Release|x86.ActiveCfg = Release|Any CPU
		{23F8A4FC-FCF8-4D0D-9254-D91F3899B5AC}.Release|x86.Build.0 = Release|Any CPU
		{AFB4FC01-CC7B-4D38-8AC7-16A82471892D}.Debug|Any CPU.ActiveCfg = Debug|Any CPU
		{AFB4FC01-CC7B-4D38-8AC7-16A82471892D}.Debug|Any CPU.Build.0 = Debug|Any CPU
		{AFB4FC01-CC7B-4D38-8AC7-16A82471892D}.Debug|x86.ActiveCfg = Debug|Any CPU
		{AFB4FC01-CC7B-4D38-8AC7-16A82471892D}.Debug|x86.Build.0 = Debug|Any CPU
		{AFB4FC01-CC7B-4D38-8AC7-16A82471892D}.Release|Any CPU.ActiveCfg = Release|Any CPU
		{AFB4FC01-CC7B-4D38-8AC7-16A82471892D}.Release|Any CPU.Build.0 = Release|Any CPU
		{AFB4FC01-CC7B-4D38-8AC7-16A82471892D}.Release|x86.ActiveCfg = Release|Any CPU
		{AFB4FC01-CC7B-4D38-8AC7-16A82471892D}.Release|x86.Build.0 = Release|Any CPU
		{52203773-EEF6-4BA3-8FB9-E9E148843938}.Debug|Any CPU.ActiveCfg = Debug|Any CPU
		{52203773-EEF6-4BA3-8FB9-E9E148843938}.Debug|Any CPU.Build.0 = Debug|Any CPU
		{52203773-EEF6-4BA3-8FB9-E9E148843938}.Debug|x86.ActiveCfg = Debug|Any CPU
		{52203773-EEF6-4BA3-8FB9-E9E148843938}.Debug|x86.Build.0 = Debug|Any CPU
		{52203773-EEF6-4BA3-8FB9-E9E148843938}.Release|Any CPU.ActiveCfg = Release|Any CPU
		{52203773-EEF6-4BA3-8FB9-E9E148843938}.Release|Any CPU.Build.0 = Release|Any CPU
		{52203773-EEF6-4BA3-8FB9-E9E148843938}.Release|x86.ActiveCfg = Release|Any CPU
		{52203773-EEF6-4BA3-8FB9-E9E148843938}.Release|x86.Build.0 = Release|Any CPU
		{8D09DD56-1A4A-4247-BC25-10CFF34FD207}.Debug|Any CPU.ActiveCfg = Debug|Any CPU
		{8D09DD56-1A4A-4247-BC25-10CFF34FD207}.Debug|Any CPU.Build.0 = Debug|Any CPU
		{8D09DD56-1A4A-4247-BC25-10CFF34FD207}.Debug|x86.ActiveCfg = Debug|Any CPU
		{8D09DD56-1A4A-4247-BC25-10CFF34FD207}.Debug|x86.Build.0 = Debug|Any CPU
		{8D09DD56-1A4A-4247-BC25-10CFF34FD207}.Release|Any CPU.ActiveCfg = Release|Any CPU
		{8D09DD56-1A4A-4247-BC25-10CFF34FD207}.Release|Any CPU.Build.0 = Release|Any CPU
		{8D09DD56-1A4A-4247-BC25-10CFF34FD207}.Release|x86.ActiveCfg = Release|Any CPU
		{8D09DD56-1A4A-4247-BC25-10CFF34FD207}.Release|x86.Build.0 = Release|Any CPU
		{92210596-A433-44A5-968A-ADB3E3DC193A}.Debug|Any CPU.ActiveCfg = Debug|Any CPU
		{92210596-A433-44A5-968A-ADB3E3DC193A}.Debug|Any CPU.Build.0 = Debug|Any CPU
		{92210596-A433-44A5-968A-ADB3E3DC193A}.Debug|x86.ActiveCfg = Debug|Any CPU
		{92210596-A433-44A5-968A-ADB3E3DC193A}.Debug|x86.Build.0 = Debug|Any CPU
		{92210596-A433-44A5-968A-ADB3E3DC193A}.Release|Any CPU.ActiveCfg = Release|Any CPU
		{92210596-A433-44A5-968A-ADB3E3DC193A}.Release|Any CPU.Build.0 = Release|Any CPU
		{92210596-A433-44A5-968A-ADB3E3DC193A}.Release|x86.ActiveCfg = Release|Any CPU
		{92210596-A433-44A5-968A-ADB3E3DC193A}.Release|x86.Build.0 = Release|Any CPU
		{59AEFB65-D185-4692-B1EC-BCF3E3BD55D4}.Debug|Any CPU.ActiveCfg = Debug|Any CPU
		{59AEFB65-D185-4692-B1EC-BCF3E3BD55D4}.Debug|Any CPU.Build.0 = Debug|Any CPU
		{59AEFB65-D185-4692-B1EC-BCF3E3BD55D4}.Debug|x86.ActiveCfg = Debug|Any CPU
		{59AEFB65-D185-4692-B1EC-BCF3E3BD55D4}.Debug|x86.Build.0 = Debug|Any CPU
		{59AEFB65-D185-4692-B1EC-BCF3E3BD55D4}.Release|Any CPU.ActiveCfg = Release|Any CPU
		{59AEFB65-D185-4692-B1EC-BCF3E3BD55D4}.Release|Any CPU.Build.0 = Release|Any CPU
		{59AEFB65-D185-4692-B1EC-BCF3E3BD55D4}.Release|x86.ActiveCfg = Release|Any CPU
		{59AEFB65-D185-4692-B1EC-BCF3E3BD55D4}.Release|x86.Build.0 = Release|Any CPU
		{DBA0EB36-554D-4A40-958E-9EAA0DD0673F}.Debug|Any CPU.ActiveCfg = Debug|Any CPU
		{DBA0EB36-554D-4A40-958E-9EAA0DD0673F}.Debug|Any CPU.Build.0 = Debug|Any CPU
		{DBA0EB36-554D-4A40-958E-9EAA0DD0673F}.Debug|x86.ActiveCfg = Debug|Any CPU
		{DBA0EB36-554D-4A40-958E-9EAA0DD0673F}.Debug|x86.Build.0 = Debug|Any CPU
		{DBA0EB36-554D-4A40-958E-9EAA0DD0673F}.Release|Any CPU.ActiveCfg = Release|Any CPU
		{DBA0EB36-554D-4A40-958E-9EAA0DD0673F}.Release|Any CPU.Build.0 = Release|Any CPU
		{DBA0EB36-554D-4A40-958E-9EAA0DD0673F}.Release|x86.ActiveCfg = Release|Any CPU
		{DBA0EB36-554D-4A40-958E-9EAA0DD0673F}.Release|x86.Build.0 = Release|Any CPU
		{C64D0227-67E3-43B1-996C-020B9F735B87}.Debug|Any CPU.ActiveCfg = Debug|Any CPU
		{C64D0227-67E3-43B1-996C-020B9F735B87}.Debug|Any CPU.Build.0 = Debug|Any CPU
		{C64D0227-67E3-43B1-996C-020B9F735B87}.Debug|x86.ActiveCfg = Debug|Any CPU
		{C64D0227-67E3-43B1-996C-020B9F735B87}.Debug|x86.Build.0 = Debug|Any CPU
		{C64D0227-67E3-43B1-996C-020B9F735B87}.Release|Any CPU.ActiveCfg = Release|Any CPU
		{C64D0227-67E3-43B1-996C-020B9F735B87}.Release|Any CPU.Build.0 = Release|Any CPU
		{C64D0227-67E3-43B1-996C-020B9F735B87}.Release|x86.ActiveCfg = Release|Any CPU
		{C64D0227-67E3-43B1-996C-020B9F735B87}.Release|x86.Build.0 = Release|Any CPU
		{920A6069-C5FF-4469-9E66-467362A04F55}.Debug|Any CPU.ActiveCfg = Debug|Any CPU
		{920A6069-C5FF-4469-9E66-467362A04F55}.Debug|Any CPU.Build.0 = Debug|Any CPU
		{920A6069-C5FF-4469-9E66-467362A04F55}.Debug|x86.ActiveCfg = Debug|Any CPU
		{920A6069-C5FF-4469-9E66-467362A04F55}.Debug|x86.Build.0 = Debug|Any CPU
		{920A6069-C5FF-4469-9E66-467362A04F55}.Release|Any CPU.ActiveCfg = Release|Any CPU
		{920A6069-C5FF-4469-9E66-467362A04F55}.Release|Any CPU.Build.0 = Release|Any CPU
		{920A6069-C5FF-4469-9E66-467362A04F55}.Release|x86.ActiveCfg = Release|Any CPU
		{920A6069-C5FF-4469-9E66-467362A04F55}.Release|x86.Build.0 = Release|Any CPU
		{18D19FDB-774C-499A-9E95-317CB786E588}.Debug|Any CPU.ActiveCfg = Debug|Any CPU
		{18D19FDB-774C-499A-9E95-317CB786E588}.Debug|Any CPU.Build.0 = Debug|Any CPU
		{18D19FDB-774C-499A-9E95-317CB786E588}.Debug|x86.ActiveCfg = Debug|Any CPU
		{18D19FDB-774C-499A-9E95-317CB786E588}.Debug|x86.Build.0 = Debug|Any CPU
		{18D19FDB-774C-499A-9E95-317CB786E588}.Release|Any CPU.ActiveCfg = Release|Any CPU
		{18D19FDB-774C-499A-9E95-317CB786E588}.Release|Any CPU.Build.0 = Release|Any CPU
		{18D19FDB-774C-499A-9E95-317CB786E588}.Release|x86.ActiveCfg = Release|Any CPU
		{18D19FDB-774C-499A-9E95-317CB786E588}.Release|x86.Build.0 = Release|Any CPU
	EndGlobalSection
	GlobalSection(SolutionProperties) = preSolution
		HideSolutionNode = FALSE
	EndGlobalSection
EndGlobal
